
Microsoft Visual Studio Solution File, Format Version 12.00
# Visual Studio Version 17
VisualStudioVersion = 17.4.33213.308
MinimumVisualStudioVersion = 10.0.40219.1
Project("{9A19103F-16F7-4668-BE54-9A1E7A4F7556}") = "AttributesApp", "AttributesExamples\AttributesApp.csproj", "{87D01185-018E-4662-A207-8C767C933FEF}"
EndProject
Project("{9A19103F-16F7-4668-BE54-9A1E7A4F7556}") = "ValidationComponent", "ValidationComponent\ValidationComponent.csproj", "{1C478F07-450E-4573-9936-04EF1316AC0C}"
EndProject
Global
	GlobalSection(SolutionConfigurationPlatforms) = preSolution
		Debug|Any CPU = Debug|Any CPU
		Release|Any CPU = Release|Any CPU
	EndGlobalSection
	GlobalSection(ProjectConfigurationPlatforms) = postSolution
		{87D01185-018E-4662-A207-8C767C933FEF}.Debug|Any CPU.ActiveCfg = Debug|Any CPU
		{87D01185-018E-4662-A207-8C767C933FEF}.Debug|Any CPU.Build.0 = Debug|Any CPU
		{87D01185-018E-4662-A207-8C767C933FEF}.Release|Any CPU.ActiveCfg = Release|Any CPU
		{87D01185-018E-4662-A207-8C767C933FEF}.Release|Any CPU.Build.0 = Release|Any CPU
		{1C478F07-450E-4573-9936-04EF1316AC0C}.Debug|Any CPU.ActiveCfg = Debug|Any CPU
		{1C478F07-450E-4573-9936-04EF1316AC0C}.Debug|Any CPU.Build.0 = Debug|Any CPU
		{1C478F07-450E-4573-9936-04EF1316AC0C}.Release|Any CPU.ActiveCfg = Release|Any CPU
		{1C478F07-450E-4573-9936-04EF1316AC0C}.Release|Any CPU.Build.0 = Release|Any CPU
	EndGlobalSection
	GlobalSection(SolutionProperties) = preSolution
		HideSolutionNode = FALSE
	EndGlobalSection
	GlobalSection(ExtensibilityGlobals) = postSolution
		SolutionGuid = {0AA56E85-CDAF-4AEC-A1B8-A57EB760EB08}
	EndGlobalSection
EndGlobal
